
Microsoft Visual Studio Solution File, Format Version 12.00
# Visual Studio Version 17
VisualStudioVersion = 17.4.33213.308
MinimumVisualStudioVersion = 10.0.40219.1
Project("{FAE04EC0-301F-11D3-BF4B-00C04F79EFBC}") = "observable-source", "observable-source\observable-source.csproj", "{6583284F-AFBD-41EE-9447-645860342693}"
EndProject
Global
	GlobalSection(SolutionConfigurationPlatforms) = preSolution
		Debug|Any CPU = Debug|Any CPU
		Release|Any CPU = Release|Any CPU
	EndGlobalSection
	GlobalSection(ProjectConfigurationPlatforms) = postSolution
		{6583284F-AFBD-41EE-9447-645860342693}.Debug|Any CPU.ActiveCfg = Debug|Any CPU
		{6583284F-AFBD-41EE-9447-645860342693}.Debug|Any CPU.Build.0 = Debug|Any CPU
		{6583284F-AFBD-41EE-9447-645860342693}.Release|Any CPU.ActiveCfg = Release|Any CPU
		{6583284F-AFBD-41EE-9447-645860342693}.Release|Any CPU.Build.0 = Release|Any CPU
	EndGlobalSection
	GlobalSection(SolutionProperties) = preSolution
		HideSolutionNode = FALSE
	EndGlobalSection
	GlobalSection(ExtensibilityGlobals) = postSolution
		SolutionGuid = {01DE66A1-FEA5-433B-AEC7-0B5207480E3F}
	EndGlobalSection
EndGlobal
